
Microsoft Visual Studio Solution File, Format Version 12.00
# Visual Studio Version 17
VisualStudioVersion = 17.8.34330.188
MinimumVisualStudioVersion = 10.0.40219.1
Project("{2150E333-8FDC-42A3-9474-1A3956D46DE8}") = "src", "src", "{7753668D-2386-4687-B56A-0BAB91927462}"
EndProject
Project("{2150E333-8FDC-42A3-9474-1A3956D46DE8}") = "Auth", "Auth", "{CB75E7D0-8444-4F94-90FA-46E491F0B154}"
EndProject
Project("{2150E333-8FDC-42A3-9474-1A3956D46DE8}") = "ProductService", "ProductService", "{0C3F1428-68F5-47A4-9742-387ACAC99D49}"
EndProject
Project("{2150E333-8FDC-42A3-9474-1A3956D46DE8}") = "OrderService", "OrderService", "{47E7ECBA-8881-497C-967F-4C88FC13E7BC}"
EndProject
Project("{2150E333-8FDC-42A3-9474-1A3956D46DE8}") = "UserService", "UserService", "{384358C3-64DE-427C-9123-DBFBFEC1B7E7}"
EndProject
Project("{FAE04EC0-301F-11D3-BF4B-00C04F79EFBC}") = "OrderService.Api", "src\OrderService\OrderService.Api\OrderService.Api.csproj", "{EEE94463-AF8B-4677-A9A3-1BC539239D3C}"
EndProject
Project("{FAE04EC0-301F-11D3-BF4B-00C04F79EFBC}") = "OrderService.Domain", "src\OrderService\OrderService.Domain\OrderService.Domain.csproj", "{02077522-7067-45FD-B295-0D4CF5F1022D}"
EndProject
Project("{FAE04EC0-301F-11D3-BF4B-00C04F79EFBC}") = "OrderService.Infrastructure", "src\OrderService\OrderService.Infrastructure\OrderService.Infrastructure.csproj", "{FC578EF7-16D8-4CA7-8C25-035672397E50}"
EndProject
Project("{FAE04EC0-301F-11D3-BF4B-00C04F79EFBC}") = "OrderService.Application", "src\OrderService\OrderService.Application\OrderService.Application.csproj", "{C25F30D4-0EE5-417F-8FDB-5F7BF1839015}"
EndProject
Project("{FAE04EC0-301F-11D3-BF4B-00C04F79EFBC}") = "ProductService.Api", "src\ProductService\ProductService.Api\ProductService.Api.csproj", "{1F40AA88-B522-47BD-9288-9DB624B79589}"
EndProject
Project("{FAE04EC0-301F-11D3-BF4B-00C04F79EFBC}") = "ProductService.Domain", "src\ProductService\ProductService.Domain\ProductService.Domain.csproj", "{C40359D1-B120-4382-9AA3-DCA3B6E2BA99}"
EndProject
Project("{FAE04EC0-301F-11D3-BF4B-00C04F79EFBC}") = "ProductService.Infastructure", "src\ProductService\ProductService.Infastructure\ProductService.Infastructure.csproj", "{3C599D72-B01C-4960-AFFD-8B129DB5AE39}"
EndProject
Project("{FAE04EC0-301F-11D3-BF4B-00C04F79EFBC}") = "ProductService.Application", "src\ProductService\ProductService.Application\ProductService.Application.csproj", "{BD1DD719-F222-44E5-B9CA-8321DE038B21}"
EndProject
Project("{FAE04EC0-301F-11D3-BF4B-00C04F79EFBC}") = "UserService.Api", "src\UserService\UserService.Api\UserService.Api.csproj", "{2E9FD48C-BACA-4712-A3ED-003D2DA46935}"
EndProject
Project("{FAE04EC0-301F-11D3-BF4B-00C04F79EFBC}") = "UserService.Domain", "src\UserService\UserService.Domain\UserService.Domain.csproj", "{760E6CA3-3E2B-4728-AD30-6F47A2A2D956}"
EndProject
Project("{FAE04EC0-301F-11D3-BF4B-00C04F79EFBC}") = "UserService.Infrastructure", "src\UserService\UserService.Infrastructure\UserService.Infrastructure.csproj", "{BBF6F6C6-B77A-43AD-80AD-7CD2CD2EA058}"
EndProject
Project("{FAE04EC0-301F-11D3-BF4B-00C04F79EFBC}") = "UserService.Application", "src\UserService\UserService.Application\UserService.Application.csproj", "{35DBABD1-0516-4808-AF44-40C99CF6F89A}"
EndProject
Project("{FAE04EC0-301F-11D3-BF4B-00C04F79EFBC}") = "AuthService.Api", "src\Auth\AuthService.Api\AuthService.Api.csproj", "{CEC155EE-100F-45C1-A5AC-B2A7A6A88E46}"
EndProject
Project("{FAE04EC0-301F-11D3-BF4B-00C04F79EFBC}") = "AuthService.Core", "src\Auth\AuthService.Core\AuthService.Core.csproj", "{D761ED95-DD49-4EB8-BEFD-D52911669294}"
EndProject
Project("{2150E333-8FDC-42A3-9474-1A3956D46DE8}") = "GateWay", "GateWay", "{9DBABA83-4E50-43FA-A690-3A80587C70EC}"
EndProject
Project("{FAE04EC0-301F-11D3-BF4B-00C04F79EFBC}") = "Gateway.Api", "src\GateWay\Gateway.Api\Gateway.Api.csproj", "{2515EA3C-9AF2-42FD-A072-6D08442EE1B2}"
EndProject
Global
	GlobalSection(SolutionConfigurationPlatforms) = preSolution
		Debug|Any CPU = Debug|Any CPU
		Release|Any CPU = Release|Any CPU
	EndGlobalSection
	GlobalSection(ProjectConfigurationPlatforms) = postSolution
		{EEE94463-AF8B-4677-A9A3-1BC539239D3C}.Debug|Any CPU.ActiveCfg = Debug|Any CPU
		{EEE94463-AF8B-4677-A9A3-1BC539239D3C}.Debug|Any CPU.Build.0 = Debug|Any CPU
		{EEE94463-AF8B-4677-A9A3-1BC539239D3C}.Release|Any CPU.ActiveCfg = Release|Any CPU
		{EEE94463-AF8B-4677-A9A3-1BC539239D3C}.Release|Any CPU.Build.0 = Release|Any CPU
		{02077522-7067-45FD-B295-0D4CF5F1022D}.Debug|Any CPU.ActiveCfg = Debug|Any CPU
		{02077522-7067-45FD-B295-0D4CF5F1022D}.Debug|Any CPU.Build.0 = Debug|Any CPU
		{02077522-7067-45FD-B295-0D4CF5F1022D}.Release|Any CPU.ActiveCfg = Release|Any CPU
		{02077522-7067-45FD-B295-0D4CF5F1022D}.Release|Any CPU.Build.0 = Release|Any CPU
		{FC578EF7-16D8-4CA7-8C25-035672397E50}.Debug|Any CPU.ActiveCfg = Debug|Any CPU
		{FC578EF7-16D8-4CA7-8C25-035672397E50}.Debug|Any CPU.Build.0 = Debug|Any CPU
		{FC578EF7-16D8-4CA7-8C25-035672397E50}.Release|Any CPU.ActiveCfg = Release|Any CPU
		{FC578EF7-16D8-4CA7-8C25-035672397E50}.Release|Any CPU.Build.0 = Release|Any CPU
		{C25F30D4-0EE5-417F-8FDB-5F7BF1839015}.Debug|Any CPU.ActiveCfg = Debug|Any CPU
		{C25F30D4-0EE5-417F-8FDB-5F7BF1839015}.Debug|Any CPU.Build.0 = Debug|Any CPU
		{C25F30D4-0EE5-417F-8FDB-5F7BF1839015}.Release|Any CPU.ActiveCfg = Release|Any CPU
		{C25F30D4-0EE5-417F-8FDB-5F7BF1839015}.Release|Any CPU.Build.0 = Release|Any CPU
		{1F40AA88-B522-47BD-9288-9DB624B79589}.Debug|Any CPU.ActiveCfg = Debug|Any CPU
		{1F40AA88-B522-47BD-9288-9DB624B79589}.Debug|Any CPU.Build.0 = Debug|Any CPU
		{1F40AA88-B522-47BD-9288-9DB624B79589}.Release|Any CPU.ActiveCfg = Release|Any CPU
		{1F40AA88-B522-47BD-9288-9DB624B79589}.Release|Any CPU.Build.0 = Release|Any CPU
		{C40359D1-B120-4382-9AA3-DCA3B6E2BA99}.Debug|Any CPU.ActiveCfg = Debug|Any CPU
		{C40359D1-B120-4382-9AA3-DCA3B6E2BA99}.Debug|Any CPU.Build.0 = Debug|Any CPU
		{C40359D1-B120-4382-9AA3-DCA3B6E2BA99}.Release|Any CPU.ActiveCfg = Release|Any CPU
		{C40359D1-B120-4382-9AA3-DCA3B6E2BA99}.Release|Any CPU.Build.0 = Release|Any CPU
		{3C599D72-B01C-4960-AFFD-8B129DB5AE39}.Debug|Any CPU.ActiveCfg = Debug|Any CPU
		{3C599D72-B01C-4960-AFFD-8B129DB5AE39}.Debug|Any CPU.Build.0 = Debug|Any CPU
		{3C599D72-B01C-4960-AFFD-8B129DB5AE39}.Release|Any CPU.ActiveCfg = Release|Any CPU
		{3C599D72-B01C-4960-AFFD-8B129DB5AE39}.Release|Any CPU.Build.0 = Release|Any CPU
		{BD1DD719-F222-44E5-B9CA-8321DE038B21}.Debug|Any CPU.ActiveCfg = Debug|Any CPU
		{BD1DD719-F222-44E5-B9CA-8321DE038B21}.Debug|Any CPU.Build.0 = Debug|Any CPU
		{BD1DD719-F222-44E5-B9CA-8321DE038B21}.Release|Any CPU.ActiveCfg = Release|Any CPU
		{BD1DD719-F222-44E5-B9CA-8321DE038B21}.Release|Any CPU.Build.0 = Release|Any CPU
		{2E9FD48C-BACA-4712-A3ED-003D2DA46935}.Debug|Any CPU.ActiveCfg = Debug|Any CPU
		{2E9FD48C-BACA-4712-A3ED-003D2DA46935}.Debug|Any CPU.Build.0 = Debug|Any CPU
		{2E9FD48C-BACA-4712-A3ED-003D2DA46935}.Release|Any CPU.ActiveCfg = Release|Any CPU
		{2E9FD48C-BACA-4712-A3ED-003D2DA46935}.Release|Any CPU.Build.0 = Release|Any CPU
		{760E6CA3-3E2B-4728-AD30-6F47A2A2D956}.Debug|Any CPU.ActiveCfg = Debug|Any CPU
		{760E6CA3-3E2B-4728-AD30-6F47A2A2D956}.Debug|Any CPU.Build.0 = Debug|Any CPU
		{760E6CA3-3E2B-4728-AD30-6F47A2A2D956}.Release|Any CPU.ActiveCfg = Release|Any CPU
		{760E6CA3-3E2B-4728-AD30-6F47A2A2D956}.Release|Any CPU.Build.0 = Release|Any CPU
		{BBF6F6C6-B77A-43AD-80AD-7CD2CD2EA058}.Debug|Any CPU.ActiveCfg = Debug|Any CPU
		{BBF6F6C6-B77A-43AD-80AD-7CD2CD2EA058}.Debug|Any CPU.Build.0 = Debug|Any CPU
		{BBF6F6C6-B77A-43AD-80AD-7CD2CD2EA058}.Release|Any CPU.ActiveCfg = Release|Any CPU
		{BBF6F6C6-B77A-43AD-80AD-7CD2CD2EA058}.Release|Any CPU.Build.0 = Release|Any CPU
		{35DBABD1-0516-4808-AF44-40C99CF6F89A}.Debug|Any CPU.ActiveCfg = Debug|Any CPU
		{35DBABD1-0516-4808-AF44-40C99CF6F89A}.Debug|Any CPU.Build.0 = Debug|Any CPU
		{35DBABD1-0516-4808-AF44-40C99CF6F89A}.Release|Any CPU.ActiveCfg = Release|Any CPU
		{35DBABD1-0516-4808-AF44-40C99CF6F89A}.Release|Any CPU.Build.0 = Release|Any CPU
		{CEC155EE-100F-45C1-A5AC-B2A7A6A88E46}.Debug|Any CPU.ActiveCfg = Debug|Any CPU
		{CEC155EE-100F-45C1-A5AC-B2A7A6A88E46}.Debug|Any CPU.Build.0 = Debug|Any CPU
		{CEC155EE-100F-45C1-A5AC-B2A7A6A88E46}.Release|Any CPU.ActiveCfg = Release|Any CPU
		{CEC155EE-100F-45C1-A5AC-B2A7A6A88E46}.Release|Any CPU.Build.0 = Release|Any CPU
		{D761ED95-DD49-4EB8-BEFD-D52911669294}.Debug|Any CPU.ActiveCfg = Debug|Any CPU
		{D761ED95-DD49-4EB8-BEFD-D52911669294}.Debug|Any CPU.Build.0 = Debug|Any CPU
		{D761ED95-DD49-4EB8-BEFD-D52911669294}.Release|Any CPU.ActiveCfg = Release|Any CPU
		{D761ED95-DD49-4EB8-BEFD-D52911669294}.Release|Any CPU.Build.0 = Release|Any CPU
		{2515EA3C-9AF2-42FD-A072-6D08442EE1B2}.Debug|Any CPU.ActiveCfg = Debug|Any CPU
		{2515EA3C-9AF2-42FD-A072-6D08442EE1B2}.Debug|Any CPU.Build.0 = Debug|Any CPU
		{2515EA3C-9AF2-42FD-A072-6D08442EE1B2}.Release|Any CPU.ActiveCfg = Release|Any CPU
		{2515EA3C-9AF2-42FD-A072-6D08442EE1B2}.Release|Any CPU.Build.0 = Release|Any CPU
	EndGlobalSection
	GlobalSection(SolutionProperties) = preSolution
		HideSolutionNode = FALSE
	EndGlobalSection
	GlobalSection(NestedProjects) = preSolution
		{CB75E7D0-8444-4F94-90FA-46E491F0B154} = {7753668D-2386-4687-B56A-0BAB91927462}
		{0C3F1428-68F5-47A4-9742-387ACAC99D49} = {7753668D-2386-4687-B56A-0BAB91927462}
		{47E7ECBA-8881-497C-967F-4C88FC13E7BC} = {7753668D-2386-4687-B56A-0BAB91927462}
		{384358C3-64DE-427C-9123-DBFBFEC1B7E7} = {7753668D-2386-4687-B56A-0BAB91927462}
		{EEE94463-AF8B-4677-A9A3-1BC539239D3C} = {47E7ECBA-8881-497C-967F-4C88FC13E7BC}
		{02077522-7067-45FD-B295-0D4CF5F1022D} = {47E7ECBA-8881-497C-967F-4C88FC13E7BC}
		{FC578EF7-16D8-4CA7-8C25-035672397E50} = {47E7ECBA-8881-497C-967F-4C88FC13E7BC}
		{C25F30D4-0EE5-417F-8FDB-5F7BF1839015} = {47E7ECBA-8881-497C-967F-4C88FC13E7BC}
		{1F40AA88-B522-47BD-9288-9DB624B79589} = {0C3F1428-68F5-47A4-9742-387ACAC99D49}
		{C40359D1-B120-4382-9AA3-DCA3B6E2BA99} = {0C3F1428-68F5-47A4-9742-387ACAC99D49}
		{3C599D72-B01C-4960-AFFD-8B129DB5AE39} = {0C3F1428-68F5-47A4-9742-387ACAC99D49}
		{BD1DD719-F222-44E5-B9CA-8321DE038B21} = {0C3F1428-68F5-47A4-9742-387ACAC99D49}
		{2E9FD48C-BACA-4712-A3ED-003D2DA46935} = {384358C3-64DE-427C-9123-DBFBFEC1B7E7}
		{760E6CA3-3E2B-4728-AD30-6F47A2A2D956} = {384358C3-64DE-427C-9123-DBFBFEC1B7E7}
		{BBF6F6C6-B77A-43AD-80AD-7CD2CD2EA058} = {384358C3-64DE-427C-9123-DBFBFEC1B7E7}
		{35DBABD1-0516-4808-AF44-40C99CF6F89A} = {384358C3-64DE-427C-9123-DBFBFEC1B7E7}
		{CEC155EE-100F-45C1-A5AC-B2A7A6A88E46} = {CB75E7D0-8444-4F94-90FA-46E491F0B154}
		{D761ED95-DD49-4EB8-BEFD-D52911669294} = {CB75E7D0-8444-4F94-90FA-46E491F0B154}
		{9DBABA83-4E50-43FA-A690-3A80587C70EC} = {7753668D-2386-4687-B56A-0BAB91927462}
		{2515EA3C-9AF2-42FD-A072-6D08442EE1B2} = {9DBABA83-4E50-43FA-A690-3A80587C70EC}
	EndGlobalSection
	GlobalSection(ExtensibilityGlobals) = postSolution
		SolutionGuid = {0D4AE9A0-E570-4560-8166-5C668495A39D}
	EndGlobalSection
EndGlobal
